// !$*UTF8*$!
{
	archiveVersion = 1;
	classes = {
	};
	objectVersion = 52;
	objects = {

/* Begin PBXBuildFile section */
		3227378726F127AA00659B79 /* JournalController.swift in Sources */ = {isa = PBXBuildFile; fileRef = 3227378626F127AA00659B79 /* JournalController.swift */; };
		327655E126EF89D7003DDB0C /* journalModels.swift in Sources */ = {isa = PBXBuildFile; fileRef = 327655E026EF89D7003DDB0C /* journalModels.swift */; };
		4B5F839C26F3C83C0067B11B /* EntryCard.swift in Sources */ = {isa = PBXBuildFile; fileRef = 4B5F839B26F3C83C0067B11B /* EntryCard.swift */; };
		4B5F839E26F3C8D80067B11B /* DetailedEntryView.swift in Sources */ = {isa = PBXBuildFile; fileRef = 4B5F839D26F3C8D80067B11B /* DetailedEntryView.swift */; };
		4B75947C26F0E70200A9F8C7 /* ProfileView.swift in Sources */ = {isa = PBXBuildFile; fileRef = 4B75947B26F0E70200A9F8C7 /* ProfileView.swift */; };
		4B75947E26F17DF500A9F8C7 /* CreditsView.swift in Sources */ = {isa = PBXBuildFile; fileRef = 4B75947D26F17DF500A9F8C7 /* CreditsView.swift */; };
		4B75948026F17E1B00A9F8C7 /* FeedbacksView.swift in Sources */ = {isa = PBXBuildFile; fileRef = 4B75947F26F17E1B00A9F8C7 /* FeedbacksView.swift */; };
		4B75948326F17E4D00A9F8C7 /* PrivacyView.swift in Sources */ = {isa = PBXBuildFile; fileRef = 4B75948226F17E4D00A9F8C7 /* PrivacyView.swift */; };
		4B8593E926EA705F008C446F /* ViewRouter.swift in Sources */ = {isa = PBXBuildFile; fileRef = 4B8593E826EA705F008C446F /* ViewRouter.swift */; };
		4B89032026DFA3F200913020 /* Liquid in Frameworks */ = {isa = PBXBuildFile; productRef = 4B89031F26DFA3F200913020 /* Liquid */; };
		4B89032226DFB65800913020 /* MoodTrackerView.swift in Sources */ = {isa = PBXBuildFile; fileRef = 4B89032126DFB65800913020 /* MoodTrackerView.swift */; };
		4B8DE54A26ED28F1005EBF39 /* HomeView.swift in Sources */ = {isa = PBXBuildFile; fileRef = 4B8DE54926ED28F1005EBF39 /* HomeView.swift */; };
		4BB443FA26EC0C9C00570206 /* TabBar.swift in Sources */ = {isa = PBXBuildFile; fileRef = 4B8593E626EA4695008C446F /* TabBar.swift */; };
		4BC3C7EA26E95BE40016E47C /* CheckButton.swift in Sources */ = {isa = PBXBuildFile; fileRef = 4BC3C7E926E95BE40016E47C /* CheckButton.swift */; };
		4BF725D026F27AD200634AB9 /* HistoryView.swift in Sources */ = {isa = PBXBuildFile; fileRef = 4BF725CF26F27AD200634AB9 /* HistoryView.swift */; };
		75713F6526DE51200032C954 /* journalApp.swift in Sources */ = {isa = PBXBuildFile; fileRef = 75713F6426DE51200032C954 /* journalApp.swift */; };
		75713F6726DE51200032C954 /* ContentView.swift in Sources */ = {isa = PBXBuildFile; fileRef = 75713F6626DE51200032C954 /* ContentView.swift */; };
		75713F6926DE51220032C954 /* Assets.xcassets in Resources */ = {isa = PBXBuildFile; fileRef = 75713F6826DE51220032C954 /* Assets.xcassets */; };
		75713F6C26DE51220032C954 /* Preview Assets.xcassets in Resources */ = {isa = PBXBuildFile; fileRef = 75713F6B26DE51220032C954 /* Preview Assets.xcassets */; };
		7591F1DC26F21DBF00AEDF78 /* FeelingsCollectionTableView.swift in Sources */ = {isa = PBXBuildFile; fileRef = 7591F1DB26F21DBF00AEDF78 /* FeelingsCollectionTableView.swift */; };
		7591F1DE26F21DFB00AEDF78 /* EmotionCollectionDataManager.swift in Sources */ = {isa = PBXBuildFile; fileRef = 7591F1DD26F21DFB00AEDF78 /* EmotionCollectionDataManager.swift */; };
		B3010C0126F0D14300FB5827 /* QuestionView.swift in Sources */ = {isa = PBXBuildFile; fileRef = B3010C0026F0D14300FB5827 /* QuestionView.swift */; };
		B3010C0526F14C3A00FB5827 /* RatingView.swift in Sources */ = {isa = PBXBuildFile; fileRef = B3010C0426F14C3A00FB5827 /* RatingView.swift */; };
		B3010C0926F1548700FB5827 /* Modifiers.swift in Sources */ = {isa = PBXBuildFile; fileRef = B3010C0826F1548700FB5827 /* Modifiers.swift */; };
		B3058FEE26F41CF500AE5F46 /* WrappingStack in Frameworks */ = {isa = PBXBuildFile; productRef = B3058FED26F41CF500AE5F46 /* WrappingStack */; };
		B33BD6DE26EA33F6005913D2 /* TagSelectionView.swift in Sources */ = {isa = PBXBuildFile; fileRef = B33BD6DD26EA33F6005913D2 /* TagSelectionView.swift */; };
		B33BD6E226EAF23F005913D2 /* ProgressBarView.swift in Sources */ = {isa = PBXBuildFile; fileRef = B33BD6E126EAF23F005913D2 /* ProgressBarView.swift */; };
		B3FC276C26F6653E00CC4C4F /* CheckInView.swift in Sources */ = {isa = PBXBuildFile; fileRef = B3FC276B26F6653E00CC4C4F /* CheckInView.swift */; };
		B3FC277026F684A600CC4C4F /* CheckInVR.swift in Sources */ = {isa = PBXBuildFile; fileRef = B3FC276F26F684A600CC4C4F /* CheckInVR.swift */; };
/* End PBXBuildFile section */

/* Begin PBXFileReference section */
		3227378626F127AA00659B79 /* JournalController.swift */ = {isa = PBXFileReference; lastKnownFileType = sourcecode.swift; path = JournalController.swift; sourceTree = "<group>"; };
		327655E026EF89D7003DDB0C /* journalModels.swift */ = {isa = PBXFileReference; lastKnownFileType = sourcecode.swift; path = journalModels.swift; sourceTree = "<group>"; };
		4B5F839B26F3C83C0067B11B /* EntryCard.swift */ = {isa = PBXFileReference; lastKnownFileType = sourcecode.swift; path = EntryCard.swift; sourceTree = "<group>"; };
		4B5F839D26F3C8D80067B11B /* DetailedEntryView.swift */ = {isa = PBXFileReference; lastKnownFileType = sourcecode.swift; path = DetailedEntryView.swift; sourceTree = "<group>"; };
		4B75947B26F0E70200A9F8C7 /* ProfileView.swift */ = {isa = PBXFileReference; lastKnownFileType = sourcecode.swift; path = ProfileView.swift; sourceTree = "<group>"; };
		4B75947D26F17DF500A9F8C7 /* CreditsView.swift */ = {isa = PBXFileReference; lastKnownFileType = sourcecode.swift; path = CreditsView.swift; sourceTree = "<group>"; };
		4B75947F26F17E1B00A9F8C7 /* FeedbacksView.swift */ = {isa = PBXFileReference; lastKnownFileType = sourcecode.swift; path = FeedbacksView.swift; sourceTree = "<group>"; };
		4B75948226F17E4D00A9F8C7 /* PrivacyView.swift */ = {isa = PBXFileReference; lastKnownFileType = sourcecode.swift; path = PrivacyView.swift; sourceTree = "<group>"; };
		4B8593E626EA4695008C446F /* TabBar.swift */ = {isa = PBXFileReference; lastKnownFileType = sourcecode.swift; path = TabBar.swift; sourceTree = "<group>"; };
		4B8593E826EA705F008C446F /* ViewRouter.swift */ = {isa = PBXFileReference; lastKnownFileType = sourcecode.swift; path = ViewRouter.swift; sourceTree = "<group>"; };
		4B89032126DFB65800913020 /* MoodTrackerView.swift */ = {isa = PBXFileReference; lastKnownFileType = sourcecode.swift; path = MoodTrackerView.swift; sourceTree = "<group>"; };
		4B8DE54926ED28F1005EBF39 /* HomeView.swift */ = {isa = PBXFileReference; lastKnownFileType = sourcecode.swift; path = HomeView.swift; sourceTree = "<group>"; };
		4BC3C7E926E95BE40016E47C /* CheckButton.swift */ = {isa = PBXFileReference; lastKnownFileType = sourcecode.swift; path = CheckButton.swift; sourceTree = "<group>"; };
		4BF725CF26F27AD200634AB9 /* HistoryView.swift */ = {isa = PBXFileReference; lastKnownFileType = sourcecode.swift; path = HistoryView.swift; sourceTree = "<group>"; };
		75713F6126DE51200032C954 /* journal.app */ = {isa = PBXFileReference; explicitFileType = wrapper.application; includeInIndex = 0; path = journal.app; sourceTree = BUILT_PRODUCTS_DIR; };
		75713F6426DE51200032C954 /* journalApp.swift */ = {isa = PBXFileReference; lastKnownFileType = sourcecode.swift; path = journalApp.swift; sourceTree = "<group>"; };
		75713F6626DE51200032C954 /* ContentView.swift */ = {isa = PBXFileReference; lastKnownFileType = sourcecode.swift; path = ContentView.swift; sourceTree = "<group>"; };
		75713F6826DE51220032C954 /* Assets.xcassets */ = {isa = PBXFileReference; lastKnownFileType = folder.assetcatalog; path = Assets.xcassets; sourceTree = "<group>"; };
		75713F6B26DE51220032C954 /* Preview Assets.xcassets */ = {isa = PBXFileReference; lastKnownFileType = folder.assetcatalog; path = "Preview Assets.xcassets"; sourceTree = "<group>"; };
		75713F6D26DE51220032C954 /* Info.plist */ = {isa = PBXFileReference; lastKnownFileType = text.plist.xml; path = Info.plist; sourceTree = "<group>"; };
		7591F1DB26F21DBF00AEDF78 /* FeelingsCollectionTableView.swift */ = {isa = PBXFileReference; lastKnownFileType = sourcecode.swift; path = FeelingsCollectionTableView.swift; sourceTree = "<group>"; };
		7591F1DD26F21DFB00AEDF78 /* EmotionCollectionDataManager.swift */ = {isa = PBXFileReference; lastKnownFileType = sourcecode.swift; path = EmotionCollectionDataManager.swift; sourceTree = "<group>"; };
		B3010C0026F0D14300FB5827 /* QuestionView.swift */ = {isa = PBXFileReference; lastKnownFileType = sourcecode.swift; path = QuestionView.swift; sourceTree = "<group>"; };
		B3010C0426F14C3A00FB5827 /* RatingView.swift */ = {isa = PBXFileReference; lastKnownFileType = sourcecode.swift; path = RatingView.swift; sourceTree = "<group>"; };
		B3010C0826F1548700FB5827 /* Modifiers.swift */ = {isa = PBXFileReference; lastKnownFileType = sourcecode.swift; path = Modifiers.swift; sourceTree = "<group>"; };
		B33BD6DD26EA33F6005913D2 /* TagSelectionView.swift */ = {isa = PBXFileReference; lastKnownFileType = sourcecode.swift; path = TagSelectionView.swift; sourceTree = "<group>"; };
		B33BD6E126EAF23F005913D2 /* ProgressBarView.swift */ = {isa = PBXFileReference; lastKnownFileType = sourcecode.swift; path = ProgressBarView.swift; sourceTree = "<group>"; };
		B3FC276B26F6653E00CC4C4F /* CheckInView.swift */ = {isa = PBXFileReference; lastKnownFileType = sourcecode.swift; path = CheckInView.swift; sourceTree = "<group>"; };
		B3FC276F26F684A600CC4C4F /* CheckInVR.swift */ = {isa = PBXFileReference; lastKnownFileType = sourcecode.swift; path = CheckInVR.swift; sourceTree = "<group>"; };
/* End PBXFileReference section */

/* Begin PBXFrameworksBuildPhase section */
		75713F5E26DE51200032C954 /* Frameworks */ = {
			isa = PBXFrameworksBuildPhase;
			buildActionMask = 2147483647;
			files = (
				4B89032026DFA3F200913020 /* Liquid in Frameworks */,
				B3058FEE26F41CF500AE5F46 /* WrappingStack in Frameworks */,
			);
			runOnlyForDeploymentPostprocessing = 0;
		};
/* End PBXFrameworksBuildPhase section */

/* Begin PBXGroup section */
		32B0FA2C26EA2EB400A85E56 /* Models */ = {
			isa = PBXGroup;
			children = (
				327655E026EF89D7003DDB0C /* journalModels.swift */,
				3227378626F127AA00659B79 /* JournalController.swift */,
			);
			path = Models;
			sourceTree = "<group>";
		};
		4BC3C7E826E95BD70016E47C /* Utils */ = {
			isa = PBXGroup;
			children = (
				B33BD6E126EAF23F005913D2 /* ProgressBarView.swift */,
				4BC3C7E926E95BE40016E47C /* CheckButton.swift */,
				B3010C0826F1548700FB5827 /* Modifiers.swift */,
				4B8593E626EA4695008C446F /* TabBar.swift */,
				4B8593E826EA705F008C446F /* ViewRouter.swift */,
				7591F1DD26F21DFB00AEDF78 /* EmotionCollectionDataManager.swift */,
				4B5F839B26F3C83C0067B11B /* EntryCard.swift */,
				B3FC276F26F684A600CC4C4F /* CheckInVR.swift */,
			);
			path = Utils;
			sourceTree = "<group>";
		};
		4BC3C7EB26E998910016E47C /* Views */ = {
			isa = PBXGroup;
			children = (
				4B89032126DFB65800913020 /* MoodTrackerView.swift */,
				4B75947F26F17E1B00A9F8C7 /* FeedbacksView.swift */,
				4B75947B26F0E70200A9F8C7 /* ProfileView.swift */,
				B33BD6DD26EA33F6005913D2 /* TagSelectionView.swift */,
				4B75948226F17E4D00A9F8C7 /* PrivacyView.swift */,
				4B75947D26F17DF500A9F8C7 /* CreditsView.swift */,
				B3010C0026F0D14300FB5827 /* QuestionView.swift */,
				B3010C0426F14C3A00FB5827 /* RatingView.swift */,
				4B8DE54926ED28F1005EBF39 /* HomeView.swift */,
				7591F1DB26F21DBF00AEDF78 /* FeelingsCollectionTableView.swift */,
				4BF725CF26F27AD200634AB9 /* HistoryView.swift */,
				4B5F839D26F3C8D80067B11B /* DetailedEntryView.swift */,
				B3FC276B26F6653E00CC4C4F /* CheckInView.swift */,
			);
			path = Views;
			sourceTree = "<group>";
		};
		75713F5826DE51200032C954 = {
			isa = PBXGroup;
			children = (
				75713F6326DE51200032C954 /* journal */,
				75713F6226DE51200032C954 /* Products */,
			);
			sourceTree = "<group>";
		};
		75713F6226DE51200032C954 /* Products */ = {
			isa = PBXGroup;
			children = (
				75713F6126DE51200032C954 /* journal.app */,
			);
			name = Products;
			sourceTree = "<group>";
		};
		75713F6326DE51200032C954 /* journal */ = {
			isa = PBXGroup;
			children = (
				75713F6426DE51200032C954 /* journalApp.swift */,
				75713F6626DE51200032C954 /* ContentView.swift */,
				75713F6826DE51220032C954 /* Assets.xcassets */,
				32B0FA2C26EA2EB400A85E56 /* Models */,
				4BC3C7EB26E998910016E47C /* Views */,
				4BC3C7E826E95BD70016E47C /* Utils */,
				75713F6D26DE51220032C954 /* Info.plist */,
				75713F6A26DE51220032C954 /* Preview Content */,
			);
			path = journal;
			sourceTree = "<group>";
		};
		75713F6A26DE51220032C954 /* Preview Content */ = {
			isa = PBXGroup;
			children = (
				75713F6B26DE51220032C954 /* Preview Assets.xcassets */,
			);
			path = "Preview Content";
			sourceTree = "<group>";
		};
/* End PBXGroup section */

/* Begin PBXNativeTarget section */
		75713F6026DE51200032C954 /* journal */ = {
			isa = PBXNativeTarget;
			buildConfigurationList = 75713F7026DE51220032C954 /* Build configuration list for PBXNativeTarget "journal" */;
			buildPhases = (
				75713F5D26DE51200032C954 /* Sources */,
				75713F5E26DE51200032C954 /* Frameworks */,
				75713F5F26DE51200032C954 /* Resources */,
			);
			buildRules = (
			);
			dependencies = (
			);
			name = journal;
			packageProductDependencies = (
				4B89031F26DFA3F200913020 /* Liquid */,
				B3058FED26F41CF500AE5F46 /* WrappingStack */,
			);
			productName = journal;
			productReference = 75713F6126DE51200032C954 /* journal.app */;
			productType = "com.apple.product-type.application";
		};
/* End PBXNativeTarget section */

/* Begin PBXProject section */
		75713F5926DE51200032C954 /* Project object */ = {
			isa = PBXProject;
			attributes = {
				LastSwiftUpdateCheck = 1250;
				LastUpgradeCheck = 1250;
				TargetAttributes = {
					75713F6026DE51200032C954 = {
						CreatedOnToolsVersion = 12.5.1;
					};
				};
			};
			buildConfigurationList = 75713F5C26DE51200032C954 /* Build configuration list for PBXProject "journal" */;
			compatibilityVersion = "Xcode 9.3";
			developmentRegion = en;
			hasScannedForEncodings = 0;
			knownRegions = (
				en,
				Base,
			);
			mainGroup = 75713F5826DE51200032C954;
			packageReferences = (
				4B89031E26DFA3F200913020 /* XCRemoteSwiftPackageReference "liquid" */,
				B3058FEC26F41CF500AE5F46 /* XCRemoteSwiftPackageReference "swiftui-wrapping-stack" */,
			);
			productRefGroup = 75713F6226DE51200032C954 /* Products */;
			projectDirPath = "";
			projectRoot = "";
			targets = (
				75713F6026DE51200032C954 /* journal */,
			);
		};
/* End PBXProject section */

/* Begin PBXResourcesBuildPhase section */
		75713F5F26DE51200032C954 /* Resources */ = {
			isa = PBXResourcesBuildPhase;
			buildActionMask = 2147483647;
			files = (
				75713F6C26DE51220032C954 /* Preview Assets.xcassets in Resources */,
				75713F6926DE51220032C954 /* Assets.xcassets in Resources */,
			);
			runOnlyForDeploymentPostprocessing = 0;
		};
/* End PBXResourcesBuildPhase section */

/* Begin PBXSourcesBuildPhase section */
		75713F5D26DE51200032C954 /* Sources */ = {
			isa = PBXSourcesBuildPhase;
			buildActionMask = 2147483647;
			files = (
				4B8DE54A26ED28F1005EBF39 /* HomeView.swift in Sources */,
				4B75948326F17E4D00A9F8C7 /* PrivacyView.swift in Sources */,
				4B75947E26F17DF500A9F8C7 /* CreditsView.swift in Sources */,
				4B89032226DFB65800913020 /* MoodTrackerView.swift in Sources */,
				4B75947C26F0E70200A9F8C7 /* ProfileView.swift in Sources */,
				B3FC277026F684A600CC4C4F /* CheckInVR.swift in Sources */,
				4BF725D026F27AD200634AB9 /* HistoryView.swift in Sources */,
				7591F1DE26F21DFB00AEDF78 /* EmotionCollectionDataManager.swift in Sources */,
				75713F6726DE51200032C954 /* ContentView.swift in Sources */,
				4B75948026F17E1B00A9F8C7 /* FeedbacksView.swift in Sources */,
				4BC3C7EA26E95BE40016E47C /* CheckButton.swift in Sources */,
				3227378726F127AA00659B79 /* JournalController.swift in Sources */,
				4BB443FA26EC0C9C00570206 /* TabBar.swift in Sources */,
				4B8593E926EA705F008C446F /* ViewRouter.swift in Sources */,
				327655E126EF89D7003DDB0C /* journalModels.swift in Sources */,
				75713F6526DE51200032C954 /* journalApp.swift in Sources */,
				B3010C0926F1548700FB5827 /* Modifiers.swift in Sources */,
				B3010C0126F0D14300FB5827 /* QuestionView.swift in Sources */,
				B33BD6DE26EA33F6005913D2 /* TagSelectionView.swift in Sources */,
				B3010C0526F14C3A00FB5827 /* RatingView.swift in Sources */,
				4B5F839E26F3C8D80067B11B /* DetailedEntryView.swift in Sources */,
				B33BD6DE26EA33F6005913D2 /* TagSelectionView.swift in Sources */,
				7591F1DC26F21DBF00AEDF78 /* FeelingsCollectionTableView.swift in Sources */,
				B3FC276C26F6653E00CC4C4F /* CheckInView.swift in Sources */,
				4B5F839C26F3C83C0067B11B /* EntryCard.swift in Sources */,
				B33BD6E226EAF23F005913D2 /* ProgressBarView.swift in Sources */,
			);
			runOnlyForDeploymentPostprocessing = 0;
		};
/* End PBXSourcesBuildPhase section */

/* Begin XCBuildConfiguration section */
		75713F6E26DE51220032C954 /* Debug */ = {
			isa = XCBuildConfiguration;
			buildSettings = {
				ALWAYS_SEARCH_USER_PATHS = NO;
				CLANG_ANALYZER_NONNULL = YES;
				CLANG_ANALYZER_NUMBER_OBJECT_CONVERSION = YES_AGGRESSIVE;
				CLANG_CXX_LANGUAGE_STANDARD = "gnu++14";
				CLANG_CXX_LIBRARY = "libc++";
				CLANG_ENABLE_MODULES = YES;
				CLANG_ENABLE_OBJC_ARC = YES;
				CLANG_ENABLE_OBJC_WEAK = YES;
				CLANG_WARN_BLOCK_CAPTURE_AUTORELEASING = YES;
				CLANG_WARN_BOOL_CONVERSION = YES;
				CLANG_WARN_COMMA = YES;
				CLANG_WARN_CONSTANT_CONVERSION = YES;
				CLANG_WARN_DEPRECATED_OBJC_IMPLEMENTATIONS = YES;
				CLANG_WARN_DIRECT_OBJC_ISA_USAGE = YES_ERROR;
				CLANG_WARN_DOCUMENTATION_COMMENTS = YES;
				CLANG_WARN_EMPTY_BODY = YES;
				CLANG_WARN_ENUM_CONVERSION = YES;
				CLANG_WARN_INFINITE_RECURSION = YES;
				CLANG_WARN_INT_CONVERSION = YES;
				CLANG_WARN_NON_LITERAL_NULL_CONVERSION = YES;
				CLANG_WARN_OBJC_IMPLICIT_RETAIN_SELF = YES;
				CLANG_WARN_OBJC_LITERAL_CONVERSION = YES;
				CLANG_WARN_OBJC_ROOT_CLASS = YES_ERROR;
				CLANG_WARN_QUOTED_INCLUDE_IN_FRAMEWORK_HEADER = YES;
				CLANG_WARN_RANGE_LOOP_ANALYSIS = YES;
				CLANG_WARN_STRICT_PROTOTYPES = YES;
				CLANG_WARN_SUSPICIOUS_MOVE = YES;
				CLANG_WARN_UNGUARDED_AVAILABILITY = YES_AGGRESSIVE;
				CLANG_WARN_UNREACHABLE_CODE = YES;
				CLANG_WARN__DUPLICATE_METHOD_MATCH = YES;
				COPY_PHASE_STRIP = NO;
				DEBUG_INFORMATION_FORMAT = dwarf;
				ENABLE_STRICT_OBJC_MSGSEND = YES;
				ENABLE_TESTABILITY = YES;
				GCC_C_LANGUAGE_STANDARD = gnu11;
				GCC_DYNAMIC_NO_PIC = NO;
				GCC_NO_COMMON_BLOCKS = YES;
				GCC_OPTIMIZATION_LEVEL = 0;
				GCC_PREPROCESSOR_DEFINITIONS = (
					"DEBUG=1",
					"$(inherited)",
				);
				GCC_WARN_64_TO_32_BIT_CONVERSION = YES;
				GCC_WARN_ABOUT_RETURN_TYPE = YES_ERROR;
				GCC_WARN_UNDECLARED_SELECTOR = YES;
				GCC_WARN_UNINITIALIZED_AUTOS = YES_AGGRESSIVE;
				GCC_WARN_UNUSED_FUNCTION = YES;
				GCC_WARN_UNUSED_VARIABLE = YES;
				IPHONEOS_DEPLOYMENT_TARGET = 14.5;
				MTL_ENABLE_DEBUG_INFO = INCLUDE_SOURCE;
				MTL_FAST_MATH = YES;
				ONLY_ACTIVE_ARCH = YES;
				SDKROOT = iphoneos;
				SWIFT_ACTIVE_COMPILATION_CONDITIONS = DEBUG;
				SWIFT_OPTIMIZATION_LEVEL = "-Onone";
			};
			name = Debug;
		};
		75713F6F26DE51220032C954 /* Release */ = {
			isa = XCBuildConfiguration;
			buildSettings = {
				ALWAYS_SEARCH_USER_PATHS = NO;
				CLANG_ANALYZER_NONNULL = YES;
				CLANG_ANALYZER_NUMBER_OBJECT_CONVERSION = YES_AGGRESSIVE;
				CLANG_CXX_LANGUAGE_STANDARD = "gnu++14";
				CLANG_CXX_LIBRARY = "libc++";
				CLANG_ENABLE_MODULES = YES;
				CLANG_ENABLE_OBJC_ARC = YES;
				CLANG_ENABLE_OBJC_WEAK = YES;
				CLANG_WARN_BLOCK_CAPTURE_AUTORELEASING = YES;
				CLANG_WARN_BOOL_CONVERSION = YES;
				CLANG_WARN_COMMA = YES;
				CLANG_WARN_CONSTANT_CONVERSION = YES;
				CLANG_WARN_DEPRECATED_OBJC_IMPLEMENTATIONS = YES;
				CLANG_WARN_DIRECT_OBJC_ISA_USAGE = YES_ERROR;
				CLANG_WARN_DOCUMENTATION_COMMENTS = YES;
				CLANG_WARN_EMPTY_BODY = YES;
				CLANG_WARN_ENUM_CONVERSION = YES;
				CLANG_WARN_INFINITE_RECURSION = YES;
				CLANG_WARN_INT_CONVERSION = YES;
				CLANG_WARN_NON_LITERAL_NULL_CONVERSION = YES;
				CLANG_WARN_OBJC_IMPLICIT_RETAIN_SELF = YES;
				CLANG_WARN_OBJC_LITERAL_CONVERSION = YES;
				CLANG_WARN_OBJC_ROOT_CLASS = YES_ERROR;
				CLANG_WARN_QUOTED_INCLUDE_IN_FRAMEWORK_HEADER = YES;
				CLANG_WARN_RANGE_LOOP_ANALYSIS = YES;
				CLANG_WARN_STRICT_PROTOTYPES = YES;
				CLANG_WARN_SUSPICIOUS_MOVE = YES;
				CLANG_WARN_UNGUARDED_AVAILABILITY = YES_AGGRESSIVE;
				CLANG_WARN_UNREACHABLE_CODE = YES;
				CLANG_WARN__DUPLICATE_METHOD_MATCH = YES;
				COPY_PHASE_STRIP = NO;
				DEBUG_INFORMATION_FORMAT = "dwarf-with-dsym";
				ENABLE_NS_ASSERTIONS = NO;
				ENABLE_STRICT_OBJC_MSGSEND = YES;
				GCC_C_LANGUAGE_STANDARD = gnu11;
				GCC_NO_COMMON_BLOCKS = YES;
				GCC_WARN_64_TO_32_BIT_CONVERSION = YES;
				GCC_WARN_ABOUT_RETURN_TYPE = YES_ERROR;
				GCC_WARN_UNDECLARED_SELECTOR = YES;
				GCC_WARN_UNINITIALIZED_AUTOS = YES_AGGRESSIVE;
				GCC_WARN_UNUSED_FUNCTION = YES;
				GCC_WARN_UNUSED_VARIABLE = YES;
				IPHONEOS_DEPLOYMENT_TARGET = 14.5;
				MTL_ENABLE_DEBUG_INFO = NO;
				MTL_FAST_MATH = YES;
				SDKROOT = iphoneos;
				SWIFT_COMPILATION_MODE = wholemodule;
				SWIFT_OPTIMIZATION_LEVEL = "-O";
				VALIDATE_PRODUCT = YES;
			};
			name = Release;
		};
		75713F7126DE51220032C954 /* Debug */ = {
			isa = XCBuildConfiguration;
			buildSettings = {
				ASSETCATALOG_COMPILER_APPICON_NAME = AppIcon;
				ASSETCATALOG_COMPILER_GLOBAL_ACCENT_COLOR_NAME = AccentColor;
				CODE_SIGN_STYLE = Automatic;
				DEVELOPMENT_ASSET_PATHS = "\"journal/Preview Content\"";
				DEVELOPMENT_TEAM = C7K95G5W2H;
				ENABLE_PREVIEWS = YES;
				INFOPLIST_FILE = journal/Info.plist;
				IPHONEOS_DEPLOYMENT_TARGET = 14.0;
				LD_RUNPATH_SEARCH_PATHS = (
					"$(inherited)",
					"@executable_path/Frameworks",
				);
				PRODUCT_BUNDLE_IDENTIFIER = com.pupper.somequizz.journal;
				PRODUCT_NAME = "$(TARGET_NAME)";
				SWIFT_VERSION = 5.0;
				TARGETED_DEVICE_FAMILY = "1,2";
			};
			name = Debug;
		};
		75713F7226DE51220032C954 /* Release */ = {
			isa = XCBuildConfiguration;
			buildSettings = {
				ASSETCATALOG_COMPILER_APPICON_NAME = AppIcon;
				ASSETCATALOG_COMPILER_GLOBAL_ACCENT_COLOR_NAME = AccentColor;
				CODE_SIGN_STYLE = Automatic;
				DEVELOPMENT_ASSET_PATHS = "\"journal/Preview Content\"";
				DEVELOPMENT_TEAM = C7K95G5W2H;
				ENABLE_PREVIEWS = YES;
				INFOPLIST_FILE = journal/Info.plist;
				IPHONEOS_DEPLOYMENT_TARGET = 14.0;
				LD_RUNPATH_SEARCH_PATHS = (
					"$(inherited)",
					"@executable_path/Frameworks",
				);
				PRODUCT_BUNDLE_IDENTIFIER = com.pupper.somequizz.journal;
				PRODUCT_NAME = "$(TARGET_NAME)";
				SWIFT_VERSION = 5.0;
				TARGETED_DEVICE_FAMILY = "1,2";
			};
			name = Release;
		};
/* End XCBuildConfiguration section */

/* Begin XCConfigurationList section */
		75713F5C26DE51200032C954 /* Build configuration list for PBXProject "journal" */ = {
			isa = XCConfigurationList;
			buildConfigurations = (
				75713F6E26DE51220032C954 /* Debug */,
				75713F6F26DE51220032C954 /* Release */,
			);
			defaultConfigurationIsVisible = 0;
			defaultConfigurationName = Release;
		};
		75713F7026DE51220032C954 /* Build configuration list for PBXNativeTarget "journal" */ = {
			isa = XCConfigurationList;
			buildConfigurations = (
				75713F7126DE51220032C954 /* Debug */,
				75713F7226DE51220032C954 /* Release */,
			);
			defaultConfigurationIsVisible = 0;
			defaultConfigurationName = Release;
		};
/* End XCConfigurationList section */

/* Begin XCRemoteSwiftPackageReference section */
		4B89031E26DFA3F200913020 /* XCRemoteSwiftPackageReference "liquid" */ = {
			isa = XCRemoteSwiftPackageReference;
			repositoryURL = "https://github.com/maustinstar/liquid.git";
			requirement = {
				kind = upToNextMajorVersion;
				minimumVersion = 0.0.2;
			};
		};
		B3058FEC26F41CF500AE5F46 /* XCRemoteSwiftPackageReference "swiftui-wrapping-stack" */ = {
			isa = XCRemoteSwiftPackageReference;
			repositoryURL = "https://github.com/diniska/swiftui-wrapping-stack";
			requirement = {
				kind = upToNextMajorVersion;
				minimumVersion = 1.0.1;
			};
		};
/* End XCRemoteSwiftPackageReference section */

/* Begin XCSwiftPackageProductDependency section */
		4B89031F26DFA3F200913020 /* Liquid */ = {
			isa = XCSwiftPackageProductDependency;
			package = 4B89031E26DFA3F200913020 /* XCRemoteSwiftPackageReference "liquid" */;
			productName = Liquid;
		};
		B3058FED26F41CF500AE5F46 /* WrappingStack */ = {
			isa = XCSwiftPackageProductDependency;
			package = B3058FEC26F41CF500AE5F46 /* XCRemoteSwiftPackageReference "swiftui-wrapping-stack" */;
			productName = WrappingStack;
		};
/* End XCSwiftPackageProductDependency section */
	};
	rootObject = 75713F5926DE51200032C954 /* Project object */;
}
